
Microsoft Visual Studio Solution File, Format Version 12.00
# Visual Studio 2015
Project("{FAE04EC0-301F-11D3-BF4B-00C04F79EFBC}") = "Survive.CSharp", "Survive.CSharp.csproj", "{0839BD8F-33B2-46C0-443C-62F13B454876}"
EndProject
Project("{FAE04EC0-301F-11D3-BF4B-00C04F79EFBC}") = "Survive.CSharp.Editor", "Survive.CSharp.Editor.csproj", "{5600221B-CC64-8D57-CB47-CFF8EA294D66}"
EndProject
Global
	GlobalSection(SolutionConfigurationPlatforms) = preSolution
		Debug|Any CPU = Debug|Any CPU
		Release|Any CPU = Release|Any CPU
	EndGlobalSection
	GlobalSection(ProjectConfigurationPlatforms) = postSolution
		{0839BD8F-33B2-46C0-443C-62F13B454876}.Debug|Any CPU.ActiveCfg = Debug|Any CPU
		{0839BD8F-33B2-46C0-443C-62F13B454876}.Debug|Any CPU.Build.0 = Debug|Any CPU
		{0839BD8F-33B2-46C0-443C-62F13B454876}.Release|Any CPU.ActiveCfg = Release|Any CPU
		{0839BD8F-33B2-46C0-443C-62F13B454876}.Release|Any CPU.Build.0 = Release|Any CPU
		{5600221B-CC64-8D57-CB47-CFF8EA294D66}.Debug|Any CPU.ActiveCfg = Debug|Any CPU
		{5600221B-CC64-8D57-CB47-CFF8EA294D66}.Debug|Any CPU.Build.0 = Debug|Any CPU
		{5600221B-CC64-8D57-CB47-CFF8EA294D66}.Release|Any CPU.ActiveCfg = Release|Any CPU
		{5600221B-CC64-8D57-CB47-CFF8EA294D66}.Release|Any CPU.Build.0 = Release|Any CPU
	EndGlobalSection
	GlobalSection(SolutionProperties) = preSolution
		HideSolutionNode = FALSE
	EndGlobalSection
EndGlobal
